
Microsoft Visual Studio Solution File, Format Version 12.00
# Visual Studio 15
VisualStudioVersion = 15.0.28307.572
MinimumVisualStudioVersion = 10.0.40219.1
Project("{FAE04EC0-301F-11D3-BF4B-00C04F79EFBC}") = "Graduate_client", "Graduate_client\Graduate_client.csproj", "{AA285108-97D8-4B30-8C06-971B2C31F321}"
EndProject
Global
	GlobalSection(SolutionConfigurationPlatforms) = preSolution
		Debug|Any CPU = Debug|Any CPU
		Release|Any CPU = Release|Any CPU
	EndGlobalSection
	GlobalSection(ProjectConfigurationPlatforms) = postSolution
		{AA285108-97D8-4B30-8C06-971B2C31F321}.Debug|Any CPU.ActiveCfg = Debug|Any CPU
		{AA285108-97D8-4B30-8C06-971B2C31F321}.Debug|Any CPU.Build.0 = Debug|Any CPU
		{AA285108-97D8-4B30-8C06-971B2C31F321}.Release|Any CPU.ActiveCfg = Release|Any CPU
		{AA285108-97D8-4B30-8C06-971B2C31F321}.Release|Any CPU.Build.0 = Release|Any CPU
	EndGlobalSection
	GlobalSection(SolutionProperties) = preSolution
		HideSolutionNode = FALSE
	EndGlobalSection
	GlobalSection(ExtensibilityGlobals) = postSolution
		SolutionGuid = {942D2A63-89E5-4B74-8EE3-DB3DF2553029}
	EndGlobalSection
EndGlobal
